
Microsoft Visual Studio Solution File, Format Version 12.00
# Visual Studio 15
VisualStudioVersion = 15.0.26730.8
MinimumVisualStudioVersion = 10.0.40219.1
Project("{9A19103F-16F7-4668-BE54-9A1E7A4F7556}") = "ConsoleApp1HelloWorld", "ConsoleApp1\ConsoleApp1HelloWorld.csproj", "{92A92750-AD43-4CE2-9A14-44DD46099825}"
EndProject
Project("{9A19103F-16F7-4668-BE54-9A1E7A4F7556}") = "ConsoleApp2AskName", "ConsoleApp2\ConsoleApp2AskName.csproj", "{0C252896-1219-49EA-964F-AF8F0C83F553}"
EndProject
Project("{9A19103F-16F7-4668-BE54-9A1E7A4F7556}") = "ConsoleApp3BasicExercises", "ConsoleApp3BasicExercises\ConsoleApp3BasicExercises.csproj", "{A2696272-6316-464A-B2CE-7460C1A8A651}"
EndProject
Project("{9A19103F-16F7-4668-BE54-9A1E7A4F7556}") = "ConsoleApp4Menu", "ConsoleApp4Menu\ConsoleApp4Menu.csproj", "{EEA7F017-294C-4050-A1C7-ABA7AF7D4A77}"
EndProject
Project("{9A19103F-16F7-4668-BE54-9A1E7A4F7556}") = "MenuTests", "MenuTests\MenuTests.csproj", "{1094B9A9-7140-4F96-B20D-FB6712DD37E9}"
EndProject
Project("{9A19103F-16F7-4668-BE54-9A1E7A4F7556}") = "MenuBLL", "MenuBLL\MenuBLL.csproj", "{F100579D-65A8-41EF-88A2-2C17304BEDD1}"
EndProject
Project("{9A19103F-16F7-4668-BE54-9A1E7A4F7556}") = "MenuBE", "MenuBE\MenuBE.csproj", "{9C3A7D28-FF18-4850-8CB1-144393FD9C69}"
EndProject
Project("{9A19103F-16F7-4668-BE54-9A1E7A4F7556}") = "XunitMenuTests", "XunitMenuTests\XunitMenuTests.csproj", "{19B5BDA0-6543-4219-AB9E-5E9528D130B8}"
EndProject
Global
	GlobalSection(SolutionConfigurationPlatforms) = preSolution
		Debug|Any CPU = Debug|Any CPU
		Release|Any CPU = Release|Any CPU
	EndGlobalSection
	GlobalSection(ProjectConfigurationPlatforms) = postSolution
		{92A92750-AD43-4CE2-9A14-44DD46099825}.Debug|Any CPU.ActiveCfg = Debug|Any CPU
		{92A92750-AD43-4CE2-9A14-44DD46099825}.Debug|Any CPU.Build.0 = Debug|Any CPU
		{92A92750-AD43-4CE2-9A14-44DD46099825}.Release|Any CPU.ActiveCfg = Release|Any CPU
		{92A92750-AD43-4CE2-9A14-44DD46099825}.Release|Any CPU.Build.0 = Release|Any CPU
		{0C252896-1219-49EA-964F-AF8F0C83F553}.Debug|Any CPU.ActiveCfg = Debug|Any CPU
		{0C252896-1219-49EA-964F-AF8F0C83F553}.Debug|Any CPU.Build.0 = Debug|Any CPU
		{0C252896-1219-49EA-964F-AF8F0C83F553}.Release|Any CPU.ActiveCfg = Release|Any CPU
		{0C252896-1219-49EA-964F-AF8F0C83F553}.Release|Any CPU.Build.0 = Release|Any CPU
		{A2696272-6316-464A-B2CE-7460C1A8A651}.Debug|Any CPU.ActiveCfg = Debug|Any CPU
		{A2696272-6316-464A-B2CE-7460C1A8A651}.Debug|Any CPU.Build.0 = Debug|Any CPU
		{A2696272-6316-464A-B2CE-7460C1A8A651}.Release|Any CPU.ActiveCfg = Release|Any CPU
		{A2696272-6316-464A-B2CE-7460C1A8A651}.Release|Any CPU.Build.0 = Release|Any CPU
		{EEA7F017-294C-4050-A1C7-ABA7AF7D4A77}.Debug|Any CPU.ActiveCfg = Debug|Any CPU
		{EEA7F017-294C-4050-A1C7-ABA7AF7D4A77}.Debug|Any CPU.Build.0 = Debug|Any CPU
		{EEA7F017-294C-4050-A1C7-ABA7AF7D4A77}.Release|Any CPU.ActiveCfg = Release|Any CPU
		{EEA7F017-294C-4050-A1C7-ABA7AF7D4A77}.Release|Any CPU.Build.0 = Release|Any CPU
		{1094B9A9-7140-4F96-B20D-FB6712DD37E9}.Debug|Any CPU.ActiveCfg = Debug|Any CPU
		{1094B9A9-7140-4F96-B20D-FB6712DD37E9}.Debug|Any CPU.Build.0 = Debug|Any CPU
		{1094B9A9-7140-4F96-B20D-FB6712DD37E9}.Release|Any CPU.ActiveCfg = Release|Any CPU
		{1094B9A9-7140-4F96-B20D-FB6712DD37E9}.Release|Any CPU.Build.0 = Release|Any CPU
		{F100579D-65A8-41EF-88A2-2C17304BEDD1}.Debug|Any CPU.ActiveCfg = Debug|Any CPU
		{F100579D-65A8-41EF-88A2-2C17304BEDD1}.Debug|Any CPU.Build.0 = Debug|Any CPU
		{F100579D-65A8-41EF-88A2-2C17304BEDD1}.Release|Any CPU.ActiveCfg = Release|Any CPU
		{F100579D-65A8-41EF-88A2-2C17304BEDD1}.Release|Any CPU.Build.0 = Release|Any CPU
		{9C3A7D28-FF18-4850-8CB1-144393FD9C69}.Debug|Any CPU.ActiveCfg = Debug|Any CPU
		{9C3A7D28-FF18-4850-8CB1-144393FD9C69}.Debug|Any CPU.Build.0 = Debug|Any CPU
		{9C3A7D28-FF18-4850-8CB1-144393FD9C69}.Release|Any CPU.ActiveCfg = Release|Any CPU
		{9C3A7D28-FF18-4850-8CB1-144393FD9C69}.Release|Any CPU.Build.0 = Release|Any CPU
		{19B5BDA0-6543-4219-AB9E-5E9528D130B8}.Debug|Any CPU.ActiveCfg = Debug|Any CPU
		{19B5BDA0-6543-4219-AB9E-5E9528D130B8}.Debug|Any CPU.Build.0 = Debug|Any CPU
		{19B5BDA0-6543-4219-AB9E-5E9528D130B8}.Release|Any CPU.ActiveCfg = Release|Any CPU
		{19B5BDA0-6543-4219-AB9E-5E9528D130B8}.Release|Any CPU.Build.0 = Release|Any CPU
	EndGlobalSection
	GlobalSection(SolutionProperties) = preSolution
		HideSolutionNode = FALSE
	EndGlobalSection
	GlobalSection(ExtensibilityGlobals) = postSolution
		SolutionGuid = {D5C15D2C-A6F8-4EB5-A54B-431897C15046}
	EndGlobalSection
EndGlobal
